
Microsoft Visual Studio Solution File, Format Version 12.00
# Visual Studio Version 16
VisualStudioVersion = 16.0.31424.327
MinimumVisualStudioVersion = 10.0.40219.1
Project("{FAE04EC0-301F-11D3-BF4B-00C04F79EFBC}") = "MoodAnalyzerProblem", "MoodAnalyzerProblem\MoodAnalyzerProblem.csproj", "{2BB77E79-626B-4D0C-BAF1-27FA109AAEFA}"
EndProject
Project("{FAE04EC0-301F-11D3-BF4B-00C04F79EFBC}") = "MoodAnalyzerTest", "MoodAnalyzerTest\MoodAnalyzerTest.csproj", "{843F6B28-1A1A-40F5-B5DE-82E0A82A022E}"
EndProject
Global
	GlobalSection(SolutionConfigurationPlatforms) = preSolution
		Debug|Any CPU = Debug|Any CPU
		Release|Any CPU = Release|Any CPU
	EndGlobalSection
	GlobalSection(ProjectConfigurationPlatforms) = postSolution
		{2BB77E79-626B-4D0C-BAF1-27FA109AAEFA}.Debug|Any CPU.ActiveCfg = Debug|Any CPU
		{2BB77E79-626B-4D0C-BAF1-27FA109AAEFA}.Debug|Any CPU.Build.0 = Debug|Any CPU
		{2BB77E79-626B-4D0C-BAF1-27FA109AAEFA}.Release|Any CPU.ActiveCfg = Release|Any CPU
		{2BB77E79-626B-4D0C-BAF1-27FA109AAEFA}.Release|Any CPU.Build.0 = Release|Any CPU
		{843F6B28-1A1A-40F5-B5DE-82E0A82A022E}.Debug|Any CPU.ActiveCfg = Debug|Any CPU
		{843F6B28-1A1A-40F5-B5DE-82E0A82A022E}.Debug|Any CPU.Build.0 = Debug|Any CPU
		{843F6B28-1A1A-40F5-B5DE-82E0A82A022E}.Release|Any CPU.ActiveCfg = Release|Any CPU
		{843F6B28-1A1A-40F5-B5DE-82E0A82A022E}.Release|Any CPU.Build.0 = Release|Any CPU
	EndGlobalSection
	GlobalSection(SolutionProperties) = preSolution
		HideSolutionNode = FALSE
	EndGlobalSection
	GlobalSection(ExtensibilityGlobals) = postSolution
		SolutionGuid = {7F7335FE-8341-4615-B16A-B257FC1FE39C}
	EndGlobalSection
EndGlobal
